
Microsoft Visual Studio Solution File, Format Version 12.00
# Visual Studio Version 17
VisualStudioVersion = 17.14.36429.23 d17.14
MinimumVisualStudioVersion = 10.0.40219.1
Project("{FAE04EC0-301F-11D3-BF4B-00C04F79EFBC}") = "GeneralDotNetSourceGenerators.AutoRegistration", "AutoRegistration\GeneralDotNetSourceGenerators.AutoRegistration.csproj", "{66F7F156-0F10-4310-81DC-30B91FB3792B}"
EndProject
Project("{FAE04EC0-301F-11D3-BF4B-00C04F79EFBC}") = "GeneralDotNetSourceGenerators.Shared", "Shared\GeneralDotNetSourceGenerators.Shared.csproj", "{1212F45A-0A76-4F8A-B2D5-B7C9EAE37AA1}"
EndProject
Project("{FAE04EC0-301F-11D3-BF4B-00C04F79EFBC}") = "GeneralDotNetSourceGenerators.Abstractions", "GeneralSourceGenerators.Abstractions\GeneralDotNetSourceGenerators.Abstractions.csproj", "{D9629169-DF34-42B2-9B33-EF1BEA839432}"
EndProject
Global
	GlobalSection(SolutionConfigurationPlatforms) = preSolution
		Debug|Any CPU = Debug|Any CPU
		Release|Any CPU = Release|Any CPU
	EndGlobalSection
	GlobalSection(ProjectConfigurationPlatforms) = postSolution
		{66F7F156-0F10-4310-81DC-30B91FB3792B}.Debug|Any CPU.ActiveCfg = Debug|Any CPU
		{66F7F156-0F10-4310-81DC-30B91FB3792B}.Debug|Any CPU.Build.0 = Debug|Any CPU
		{66F7F156-0F10-4310-81DC-30B91FB3792B}.Release|Any CPU.ActiveCfg = Release|Any CPU
		{66F7F156-0F10-4310-81DC-30B91FB3792B}.Release|Any CPU.Build.0 = Release|Any CPU
		{1212F45A-0A76-4F8A-B2D5-B7C9EAE37AA1}.Debug|Any CPU.ActiveCfg = Debug|Any CPU
		{1212F45A-0A76-4F8A-B2D5-B7C9EAE37AA1}.Debug|Any CPU.Build.0 = Debug|Any CPU
		{1212F45A-0A76-4F8A-B2D5-B7C9EAE37AA1}.Release|Any CPU.ActiveCfg = Release|Any CPU
		{1212F45A-0A76-4F8A-B2D5-B7C9EAE37AA1}.Release|Any CPU.Build.0 = Release|Any CPU
		{D9629169-DF34-42B2-9B33-EF1BEA839432}.Debug|Any CPU.ActiveCfg = Debug|Any CPU
		{D9629169-DF34-42B2-9B33-EF1BEA839432}.Debug|Any CPU.Build.0 = Debug|Any CPU
		{D9629169-DF34-42B2-9B33-EF1BEA839432}.Release|Any CPU.ActiveCfg = Release|Any CPU
		{D9629169-DF34-42B2-9B33-EF1BEA839432}.Release|Any CPU.Build.0 = Release|Any CPU
	EndGlobalSection
	GlobalSection(SolutionProperties) = preSolution
		HideSolutionNode = FALSE
	EndGlobalSection
	GlobalSection(ExtensibilityGlobals) = postSolution
		SolutionGuid = {3649A2E3-0A56-44FF-BA7E-DB36034902B1}
	EndGlobalSection
EndGlobal
